# THIS IS AN AUTOGENERATED FILE. DO NOT EDIT THIS FILE DIRECTLY.
# yarn lockfile v1


"@babel/runtime@^7.9.2":
  version "7.17.2"
  resolved "https://registry.yarnpkg.com/@babel/runtime/-/runtime-7.17.2.tgz#66f68591605e59da47523c631416b18508779941"
  integrity sha512-hzeyJyMA1YGdJTuWU0e/j4wKXrU4OMFvY2MSlaI9B7VQb0r5cxTE3EAIS2Q7Tn2RIcDkRvTA/v2JsAEhxe99uw==
  dependencies:
    regenerator-runtime "^0.13.4"

"@iiif/parser@^1.0.2":
  version "1.0.2"
  resolved "https://registry.yarnpkg.com/@iiif/parser/-/parser-1.0.2.tgz#14f84be4ebe0989a74a39feb1fab4d269e5b5afd"
  integrity sha512-zgwonz5ofF/CM+9EkQO7FoeVho/x5FkC9G+vXpt3P8F0AYzPUyfkGQrcHcjAh2ikFNKoE/yx8+vFU7lQNZfECA==
  dependencies:
    "@iiif/presentation-2" "^1.0.1"
    "@iiif/presentation-3" "^1.0.3"
    "@types/geojson" "^7946.0.8"

"@iiif/presentation-2@^1.0.1":
  version "1.0.1"
  resolved "https://registry.yarnpkg.com/@iiif/presentation-2/-/presentation-2-1.0.1.tgz#0d76fedfeac65b31afcc30d9a8dc17f2e57041e4"
  integrity sha512-iWF6rgAi9ksSwbH/4uJW1/49DOL1wN2mLKovu0qy1GYtCTg42bryAxYtnBsw6LrJZWykTStv7R3DynChfECmnA==

"@iiif/presentation-3@^1.0.3", "@iiif/presentation-3@^1.0.4":
  version "1.0.4"
  resolved "https://registry.yarnpkg.com/@iiif/presentation-3/-/presentation-3-1.0.4.tgz#9433c38c6a26e95ef94d1f9e0232962398611d70"
  integrity sha512-L5fPMyNAZ3UaDOR7D4mcv9Z1YJIqx9/nI9kaNcq3azLB4lp5w7cv7O1her3gjIPSH/mLCOuUG5KTBOfE/SgXUg==
  dependencies:
    "@types/geojson" "^7946.0.7"

"@iiif/vault@^0.9.11":
  version "0.9.11"
  resolved "https://registry.yarnpkg.com/@iiif/vault/-/vault-0.9.11.tgz#5f0f56d9dd8f6b1d46e44bcacb3fa15aae1ce4f5"
  integrity sha512-TaNQUOl/imJ9fC1JubV0IG9Yxqx1Z06tY3EDNxQTOgl4LzYA4UcPCBHvQ57LigSWiLggQMVsSJL0ahCVNlRcZQ==
  dependencies:
    "@iiif/parser" "^1.0.2"
    "@iiif/presentation-2" "^1.0.1"
    "@iiif/presentation-3" "^1.0.3"
    mitt "^3.0.0"
    node-fetch "^3.1.1"
    redux "^4.1.2"
    tiny-invariant "^1.2.0"
    typesafe-actions "^5.1.0"

"@types/geojson@^7946.0.7", "@types/geojson@^7946.0.8":
  version "7946.0.8"
  resolved "https://registry.yarnpkg.com/@types/geojson/-/geojson-7946.0.8.tgz#30744afdb385e2945e22f3b033f897f76b1f12ca"
  integrity sha512-1rkryxURpr6aWP7R786/UQOkJ3PcpQiWkAXBmdWc7ryFWqN6a4xfK7BtjXvFBKO9LjQ+MWQSWxYeZX1OApnArA==

data-uri-to-buffer@^4.0.0:
  version "4.0.0"
  resolved "https://registry.yarnpkg.com/data-uri-to-buffer/-/data-uri-to-buffer-4.0.0.tgz#b5db46aea50f6176428ac05b73be39a57701a64b"
  integrity sha512-Vr3mLBA8qWmcuschSLAOogKgQ/Jwxulv3RNE4FXnYWRGujzrRWQI4m12fQqRkwX06C0KanhLr4hK+GydchZsaA==

fetch-blob@^3.1.2, fetch-blob@^3.1.4:
  version "3.1.4"
  resolved "https://registry.yarnpkg.com/fetch-blob/-/fetch-blob-3.1.4.tgz#e8c6567f80ad7fc22fd302e7dcb72bafde9c1717"
  integrity sha512-Eq5Xv5+VlSrYWEqKrusxY1C3Hm/hjeAsCGVG3ft7pZahlUAChpGZT/Ms1WmSLnEAisEXszjzu/s+ce6HZB2VHA==
  dependencies:
    node-domexception "^1.0.0"
    web-streams-polyfill "^3.0.3"

formdata-polyfill@^4.0.10:
  version "4.0.10"
  resolved "https://registry.yarnpkg.com/formdata-polyfill/-/formdata-polyfill-4.0.10.tgz#24807c31c9d402e002ab3d8c720144ceb8848423"
  integrity sha512-buewHzMvYL29jdeQTVILecSaZKnt/RJWjoZCF5OW60Z67/GmSLBkOFM7qh1PI3zFNtJbaZL5eQu1vLfazOwj4g==
  dependencies:
    fetch-blob "^3.1.2"

iiif-builder@../..:
  version "1.0.0"
  dependencies:
    "@iiif/parser" "^1.0.2"
    "@iiif/presentation-3" "^1.0.4"
    "@iiif/vault" "^0.9.11"

mitt@^3.0.0:
  version "3.0.0"
  resolved "https://registry.yarnpkg.com/mitt/-/mitt-3.0.0.tgz#69ef9bd5c80ff6f57473e8d89326d01c414be0bd"
  integrity sha512-7dX2/10ITVyqh4aOSVI9gdape+t9l2/8QxHrFmUXu4EEUpdlxl6RudZUPZoc+zuY2hk1j7XxVroIVIan/pD/SQ==

node-domexception@^1.0.0:
  version "1.0.0"
  resolved "https://registry.yarnpkg.com/node-domexception/-/node-domexception-1.0.0.tgz#6888db46a1f71c0b76b3f7555016b63fe64766e5"
  integrity sha512-/jKZoMpw0F8GRwl4/eLROPA3cfcXtLApP0QzLmUT/HuPCZWyB7IY9ZrMeKw2O/nFIqPQB3PVM9aYm0F312AXDQ==

node-fetch@^3.1.1:
  version "3.2.0"
  resolved "https://registry.yarnpkg.com/node-fetch/-/node-fetch-3.2.0.tgz#59390db4e489184fa35d4b74caf5510e8dfbaf3b"
  integrity sha512-8xeimMwMItMw8hRrOl3C9/xzU49HV/yE6ORew/l+dxWimO5A4Ra8ld2rerlJvc/O7et5Z1zrWsPX43v1QBjCxw==
  dependencies:
    data-uri-to-buffer "^4.0.0"
    fetch-blob "^3.1.4"
    formdata-polyfill "^4.0.10"

redux@^4.1.2:
  version "4.1.2"
  resolved "https://registry.yarnpkg.com/redux/-/redux-4.1.2.tgz#140f35426d99bb4729af760afcf79eaaac407104"
  integrity sha512-SH8PglcebESbd/shgf6mii6EIoRM0zrQyjcuQ+ojmfxjTtE0z9Y8pa62iA/OJ58qjP6j27uyW4kUF4jl/jd6sw==
  dependencies:
    "@babel/runtime" "^7.9.2"

regenerator-runtime@^0.13.4:
  version "0.13.9"
  resolved "https://registry.yarnpkg.com/regenerator-runtime/-/regenerator-runtime-0.13.9.tgz#8925742a98ffd90814988d7566ad30ca3b263b52"
  integrity sha512-p3VT+cOEgxFsRRA9X4lkI1E+k2/CtnKtU4gcxyaCUreilL/vqI6CdZ3wxVUx3UOUg+gnUOQQcRI7BmSI656MYA==

tiny-invariant@^1.2.0:
  version "1.2.0"
  resolved "https://registry.yarnpkg.com/tiny-invariant/-/tiny-invariant-1.2.0.tgz#a1141f86b672a9148c72e978a19a73b9b94a15a9"
  integrity sha512-1Uhn/aqw5C6RI4KejVeTg6mIS7IqxnLJ8Mv2tV5rTc0qWobay7pDUz6Wi392Cnc8ak1H0F2cjoRzb2/AW4+Fvg==

typesafe-actions@^5.1.0:
  version "5.1.0"
  resolved "https://registry.yarnpkg.com/typesafe-actions/-/typesafe-actions-5.1.0.tgz#9afe8b1e6a323af1fd59e6a57b11b7dd6623d2f1"
  integrity sha512-bna6Yi1pRznoo6Bz1cE6btB/Yy8Xywytyfrzu/wc+NFW3ZF0I+2iCGImhBsoYYCOWuICtRO4yHcnDlzgo1AdNg==

web-streams-polyfill@^3.0.3:
  version "3.2.0"
  resolved "https://registry.yarnpkg.com/web-streams-polyfill/-/web-streams-polyfill-3.2.0.tgz#a6b74026b38e4885869fb5c589e90b95ccfc7965"
  integrity sha512-EqPmREeOzttaLRm5HS7io98goBgZ7IVz79aDvqjD0kYXLtFZTc0T/U6wHTPKyIjb+MdN7DFIIX6hgdBEpWmfPA==
